<?xml version="1.0" encoding="utf-8"?>
<Project ToolsVersion="12.0" xmlns="http://schemas.microsoft.com/developer/msbuild/2003">
  <ItemGroup>
    <ClCompile Include="C:\Users\Neverland_LY\Desktop\CSFDemo\src\CSF.cpp">
      <Filter>Source Files</Filter>
    </ClCompile>
    <ClCompile Include="C:\Users\Neverland_LY\Desktop\CSFDemo\src\Cloth.cpp">
      <Filter>Source Files</Filter>
    </ClCompile>
    <ClCompile Include="C:\Users\Neverland_LY\Desktop\CSFDemo\src\Constraint.cpp">
      <Filter>Source Files</Filter>
    </ClCompile>
    <ClCompile Include="C:\Users\Neverland_LY\Desktop\CSFDemo\src\Particle.cpp">
      <Filter>Source Files</Filter>
    </ClCompile>
    <ClCompile Include="C:\Users\Neverland_LY\Desktop\CSFDemo\src\Rasterization.cpp">
      <Filter>Source Files</Filter>
    </ClCompile>
    <ClCompile Include="C:\Users\Neverland_LY\Desktop\CSFDemo\src\XYZReader.cpp">
      <Filter>Source Files</Filter>
    </ClCompile>
    <ClCompile Include="C:\Users\Neverland_LY\Desktop\CSFDemo\src\c2cdist.cpp">
      <Filter>Source Files</Filter>
    </ClCompile>
    <ClCompile Include="C:\Users\Neverland_LY\Desktop\CSFDemo\src\point_cloud.cpp">
      <Filter>Source Files</Filter>
    </ClCompile>
  </ItemGroup>
  <ItemGroup>
    <CustomBuild Include="C:\Users\Neverland_LY\Desktop\CSFDemo\src\CMakeLists.txt" />
  </ItemGroup>
  <ItemGroup>
    <Filter Include="Source Files">
      <UniqueIdentifier>{A3DCCF0C-7EBE-3F01-8A8A-6187070D4AA9}</UniqueIdentifier>
    </Filter>
  </ItemGroup>
</Project>
